
Microsoft Visual Studio Solution File, Format Version 12.00
Project("{FAE04EC0-301F-11D3-BF4B-00C04F79EFBC}") = "FasterRsyncNet", "FasterRsyncNet\FasterRsyncNet.csproj", "{A48DCAFE-CDAE-4ABA-A035-24C776669EF6}"
EndProject
Project("{FAE04EC0-301F-11D3-BF4B-00C04F79EFBC}") = "Tester", "Tester\Tester.csproj", "{D01FBD3A-04BF-4326-AC67-5EBB3EA40605}"
EndProject
Global
	GlobalSection(SolutionConfigurationPlatforms) = preSolution
		Debug|Any CPU = Debug|Any CPU
		Release|Any CPU = Release|Any CPU
	EndGlobalSection
	GlobalSection(ProjectConfigurationPlatforms) = postSolution
		{A48DCAFE-CDAE-4ABA-A035-24C776669EF6}.Debug|Any CPU.ActiveCfg = Debug|Any CPU
		{A48DCAFE-CDAE-4ABA-A035-24C776669EF6}.Debug|Any CPU.Build.0 = Debug|Any CPU
		{A48DCAFE-CDAE-4ABA-A035-24C776669EF6}.Release|Any CPU.ActiveCfg = Release|Any CPU
		{A48DCAFE-CDAE-4ABA-A035-24C776669EF6}.Release|Any CPU.Build.0 = Release|Any CPU
		{D01FBD3A-04BF-4326-AC67-5EBB3EA40605}.Debug|Any CPU.ActiveCfg = Debug|Any CPU
		{D01FBD3A-04BF-4326-AC67-5EBB3EA40605}.Debug|Any CPU.Build.0 = Debug|Any CPU
		{D01FBD3A-04BF-4326-AC67-5EBB3EA40605}.Release|Any CPU.ActiveCfg = Release|Any CPU
		{D01FBD3A-04BF-4326-AC67-5EBB3EA40605}.Release|Any CPU.Build.0 = Release|Any CPU
	EndGlobalSection
EndGlobal
